// !$*UTF8*$!
{
	archiveVersion = 1;
	classes = {
	};
	objectVersion = 56;
	objects = {

/* Begin PBXBuildFile section */
		487A834A2A827A4000953B88 /* AppDelegate.swift in Sources */ = {isa = PBXBuildFile; fileRef = 487A83492A827A4000953B88 /* AppDelegate.swift */; };
		487A834C2A827A4000953B88 /* SceneDelegate.swift in Sources */ = {isa = PBXBuildFile; fileRef = 487A834B2A827A4000953B88 /* SceneDelegate.swift */; };
		487A834E2A827A4000953B88 /* ViewController.swift in Sources */ = {isa = PBXBuildFile; fileRef = 487A834D2A827A4000953B88 /* ViewController.swift */; };
		487A83512A827A4000953B88 /* Main.storyboard in Resources */ = {isa = PBXBuildFile; fileRef = 487A834F2A827A4000953B88 /* Main.storyboard */; };
		487A83532A827A4600953B88 /* Assets.xcassets in Resources */ = {isa = PBXBuildFile; fileRef = 487A83522A827A4600953B88 /* Assets.xcassets */; };
		487A83562A827A4600953B88 /* LaunchScreen.storyboard in Resources */ = {isa = PBXBuildFile; fileRef = 487A83542A827A4600953B88 /* LaunchScreen.storyboard */; };
		487A835E2A827C3900953B88 /* BeerViewController.swift in Sources */ = {isa = PBXBuildFile; fileRef = 487A835D2A827C3900953B88 /* BeerViewController.swift */; };
		487A83612A827CF000953B88 /* Alamofire in Frameworks */ = {isa = PBXBuildFile; productRef = 487A83602A827CF000953B88 /* Alamofire */; };
		487A83642A827D3800953B88 /* SwiftyJSON in Frameworks */ = {isa = PBXBuildFile; productRef = 487A83632A827D3800953B88 /* SwiftyJSON */; };
		487A83662A827DBF00953B88 /* APIKey.swift in Sources */ = {isa = PBXBuildFile; fileRef = 487A83652A827DBF00953B88 /* APIKey.swift */; };
		487A83682A827DDF00953B88 /* .gitignore in Resources */ = {isa = PBXBuildFile; fileRef = 487A83672A827DDF00953B88 /* .gitignore */; };
		487A836B2A8283BF00953B88 /* Kingfisher in Frameworks */ = {isa = PBXBuildFile; productRef = 487A836A2A8283BF00953B88 /* Kingfisher */; };
		487A836D2A82864100953B88 /* LotteryViewController.swift in Sources */ = {isa = PBXBuildFile; fileRef = 487A836C2A82864100953B88 /* LotteryViewController.swift */; };
/* End PBXBuildFile section */

/* Begin PBXFileReference section */
		487A83462A827A4000953B88 /* Beer Project.app */ = {isa = PBXFileReference; explicitFileType = wrapper.application; includeInIndex = 0; path = "Beer Project.app"; sourceTree = BUILT_PRODUCTS_DIR; };
		487A83492A827A4000953B88 /* AppDelegate.swift */ = {isa = PBXFileReference; lastKnownFileType = sourcecode.swift; path = AppDelegate.swift; sourceTree = "<group>"; };
		487A834B2A827A4000953B88 /* SceneDelegate.swift */ = {isa = PBXFileReference; lastKnownFileType = sourcecode.swift; path = SceneDelegate.swift; sourceTree = "<group>"; };
		487A834D2A827A4000953B88 /* ViewController.swift */ = {isa = PBXFileReference; lastKnownFileType = sourcecode.swift; path = ViewController.swift; sourceTree = "<group>"; };
		487A83502A827A4000953B88 /* Base */ = {isa = PBXFileReference; lastKnownFileType = file.storyboard; name = Base; path = Base.lproj/Main.storyboard; sourceTree = "<group>"; };
		487A83522A827A4600953B88 /* Assets.xcassets */ = {isa = PBXFileReference; lastKnownFileType = folder.assetcatalog; path = Assets.xcassets; sourceTree = "<group>"; };
		487A83552A827A4600953B88 /* Base */ = {isa = PBXFileReference; lastKnownFileType = file.storyboard; name = Base; path = Base.lproj/LaunchScreen.storyboard; sourceTree = "<group>"; };
		487A83572A827A4600953B88 /* Info.plist */ = {isa = PBXFileReference; lastKnownFileType = text.plist.xml; path = Info.plist; sourceTree = "<group>"; };
		487A835D2A827C3900953B88 /* BeerViewController.swift */ = {isa = PBXFileReference; lastKnownFileType = sourcecode.swift; path = BeerViewController.swift; sourceTree = "<group>"; };
		487A83652A827DBF00953B88 /* APIKey.swift */ = {isa = PBXFileReference; lastKnownFileType = sourcecode.swift; path = APIKey.swift; sourceTree = "<group>"; };
		487A83672A827DDF00953B88 /* .gitignore */ = {isa = PBXFileReference; lastKnownFileType = text; path = .gitignore; sourceTree = "<group>"; };
		487A836C2A82864100953B88 /* LotteryViewController.swift */ = {isa = PBXFileReference; lastKnownFileType = sourcecode.swift; path = LotteryViewController.swift; sourceTree = "<group>"; };
/* End PBXFileReference section */

/* Begin PBXFrameworksBuildPhase section */
		487A83432A827A4000953B88 /* Frameworks */ = {
			isa = PBXFrameworksBuildPhase;
			buildActionMask = 2147483647;
			files = (
				487A836B2A8283BF00953B88 /* Kingfisher in Frameworks */,
				487A83642A827D3800953B88 /* SwiftyJSON in Frameworks */,
				487A83612A827CF000953B88 /* Alamofire in Frameworks */,
			);
			runOnlyForDeploymentPostprocessing = 0;
		};
/* End PBXFrameworksBuildPhase section */

/* Begin PBXGroup section */
		487A833D2A827A4000953B88 = {
			isa = PBXGroup;
			children = (
				487A83482A827A4000953B88 /* Beer Project */,
				487A83472A827A4000953B88 /* Products */,
			);
			sourceTree = "<group>";
		};
		487A83472A827A4000953B88 /* Products */ = {
			isa = PBXGroup;
			children = (
				487A83462A827A4000953B88 /* Beer Project.app */,
			);
			name = Products;
			sourceTree = "<group>";
		};
		487A83482A827A4000953B88 /* Beer Project */ = {
			isa = PBXGroup;
			children = (
				487A83492A827A4000953B88 /* AppDelegate.swift */,
				487A834B2A827A4000953B88 /* SceneDelegate.swift */,
				487A834D2A827A4000953B88 /* ViewController.swift */,
				487A834F2A827A4000953B88 /* Main.storyboard */,
				487A836C2A82864100953B88 /* LotteryViewController.swift */,
				487A835D2A827C3900953B88 /* BeerViewController.swift */,
				487A83652A827DBF00953B88 /* APIKey.swift */,
				487A83672A827DDF00953B88 /* .gitignore */,
				487A83522A827A4600953B88 /* Assets.xcassets */,
				487A83542A827A4600953B88 /* LaunchScreen.storyboard */,
				487A83572A827A4600953B88 /* Info.plist */,
			);
			path = "Beer Project";
			sourceTree = "<group>";
		};
/* End PBXGroup section */

/* Begin PBXNativeTarget section */
		487A83452A827A4000953B88 /* Beer Project */ = {
			isa = PBXNativeTarget;
			buildConfigurationList = 487A835A2A827A4600953B88 /* Build configuration list for PBXNativeTarget "Beer Project" */;
			buildPhases = (
				487A83422A827A4000953B88 /* Sources */,
				487A83432A827A4000953B88 /* Frameworks */,
				487A83442A827A4000953B88 /* Resources */,
			);
			buildRules = (
			);
			dependencies = (
			);
			name = "Beer Project";
			packageProductDependencies = (
				487A83602A827CF000953B88 /* Alamofire */,
				487A83632A827D3800953B88 /* SwiftyJSON */,
				487A836A2A8283BF00953B88 /* Kingfisher */,
			);
			productName = "Beer Project";
			productReference = 487A83462A827A4000953B88 /* Beer Project.app */;
			productType = "com.apple.product-type.application";
		};
/* End PBXNativeTarget section */

/* Begin PBXProject section */
		487A833E2A827A4000953B88 /* Project object */ = {
			isa = PBXProject;
			attributes = {
				BuildIndependentTargetsInParallel = 1;
				LastSwiftUpdateCheck = 1420;
				LastUpgradeCheck = 1420;
				TargetAttributes = {
					487A83452A827A4000953B88 = {
						CreatedOnToolsVersion = 14.2;
					};
				};
			};
			buildConfigurationList = 487A83412A827A4000953B88 /* Build configuration list for PBXProject "Beer Project" */;
			compatibilityVersion = "Xcode 14.0";
			developmentRegion = en;
			hasScannedForEncodings = 0;
			knownRegions = (
				en,
				Base,
			);
			mainGroup = 487A833D2A827A4000953B88;
			packageReferences = (
				487A835F2A827CF000953B88 /* XCRemoteSwiftPackageReference "Alamofire" */,
				487A83622A827D3800953B88 /* XCRemoteSwiftPackageReference "SwiftyJSON" */,
				487A83692A8283BF00953B88 /* XCRemoteSwiftPackageReference "Kingfisher" */,
			);
			productRefGroup = 487A83472A827A4000953B88 /* Products */;
			projectDirPath = "";
			projectRoot = "";
			targets = (
				487A83452A827A4000953B88 /* Beer Project */,
			);
		};
/* End PBXProject section */

/* Begin PBXResourcesBuildPhase section */
		487A83442A827A4000953B88 /* Resources */ = {
			isa = PBXResourcesBuildPhase;
			buildActionMask = 2147483647;
			files = (
				487A83682A827DDF00953B88 /* .gitignore in Resources */,
				487A83562A827A4600953B88 /* LaunchScreen.storyboard in Resources */,
				487A83532A827A4600953B88 /* Assets.xcassets in Resources */,
				487A83512A827A4000953B88 /* Main.storyboard in Resources */,
			);
			runOnlyForDeploymentPostprocessing = 0;
		};
/* End PBXResourcesBuildPhase section */

/* Begin PBXSourcesBuildPhase section */
		487A83422A827A4000953B88 /* Sources */ = {
			isa = PBXSourcesBuildPhase;
			buildActionMask = 2147483647;
			files = (
				487A83662A827DBF00953B88 /* APIKey.swift in Sources */,
				487A835E2A827C3900953B88 /* BeerViewController.swift in Sources */,
				487A834E2A827A4000953B88 /* ViewController.swift in Sources */,
				487A834A2A827A4000953B88 /* AppDelegate.swift in Sources */,
				487A836D2A82864100953B88 /* LotteryViewController.swift in Sources */,
				487A834C2A827A4000953B88 /* SceneDelegate.swift in Sources */,
			);
			runOnlyForDeploymentPostprocessing = 0;
		};
/* End PBXSourcesBuildPhase section */

/* Begin PBXVariantGroup section */
		487A834F2A827A4000953B88 /* Main.storyboard */ = {
			isa = PBXVariantGroup;
			children = (
				487A83502A827A4000953B88 /* Base */,
			);
			name = Main.storyboard;
			sourceTree = "<group>";
		};
		487A83542A827A4600953B88 /* LaunchScreen.storyboard */ = {
			isa = PBXVariantGroup;
			children = (
				487A83552A827A4600953B88 /* Base */,
			);
			name = LaunchScreen.storyboard;
			sourceTree = "<group>";
		};
/* End PBXVariantGroup section */

/* Begin XCBuildConfiguration section */
		487A83582A827A4600953B88 /* Debug */ = {
			isa = XCBuildConfiguration;
			buildSettings = {
				ALWAYS_SEARCH_USER_PATHS = NO;
				CLANG_ANALYZER_NONNULL = YES;
				CLANG_ANALYZER_NUMBER_OBJECT_CONVERSION = YES_AGGRESSIVE;
				CLANG_CXX_LANGUAGE_STANDARD = "gnu++20";
				CLANG_ENABLE_MODULES = YES;
				CLANG_ENABLE_OBJC_ARC = YES;
				CLANG_ENABLE_OBJC_WEAK = YES;
				CLANG_WARN_BLOCK_CAPTURE_AUTORELEASING = YES;
				CLANG_WARN_BOOL_CONVERSION = YES;
				CLANG_WARN_COMMA = YES;
				CLANG_WARN_CONSTANT_CONVERSION = YES;
				CLANG_WARN_DEPRECATED_OBJC_IMPLEMENTATIONS = YES;
				CLANG_WARN_DIRECT_OBJC_ISA_USAGE = YES_ERROR;
				CLANG_WARN_DOCUMENTATION_COMMENTS = YES;
				CLANG_WARN_EMPTY_BODY = YES;
				CLANG_WARN_ENUM_CONVERSION = YES;
				CLANG_WARN_INFINITE_RECURSION = YES;
				CLANG_WARN_INT_CONVERSION = YES;
				CLANG_WARN_NON_LITERAL_NULL_CONVERSION = YES;
				CLANG_WARN_OBJC_IMPLICIT_RETAIN_SELF = YES;
				CLANG_WARN_OBJC_LITERAL_CONVERSION = YES;
				CLANG_WARN_OBJC_ROOT_CLASS = YES_ERROR;
				CLANG_WARN_QUOTED_INCLUDE_IN_FRAMEWORK_HEADER = YES;
				CLANG_WARN_RANGE_LOOP_ANALYSIS = YES;
				CLANG_WARN_STRICT_PROTOTYPES = YES;
				CLANG_WARN_SUSPICIOUS_MOVE = YES;
				CLANG_WARN_UNGUARDED_AVAILABILITY = YES_AGGRESSIVE;
				CLANG_WARN_UNREACHABLE_CODE = YES;
				CLANG_WARN__DUPLICATE_METHOD_MATCH = YES;
				COPY_PHASE_STRIP = NO;
				DEBUG_INFORMATION_FORMAT = dwarf;
				ENABLE_STRICT_OBJC_MSGSEND = YES;
				ENABLE_TESTABILITY = YES;
				GCC_C_LANGUAGE_STANDARD = gnu11;
				GCC_DYNAMIC_NO_PIC = NO;
				GCC_NO_COMMON_BLOCKS = YES;
				GCC_OPTIMIZATION_LEVEL = 0;
				GCC_PREPROCESSOR_DEFINITIONS = (
					"DEBUG=1",
					"$(inherited)",
				);
				GCC_WARN_64_TO_32_BIT_CONVERSION = YES;
				GCC_WARN_ABOUT_RETURN_TYPE = YES_ERROR;
				GCC_WARN_UNDECLARED_SELECTOR = YES;
				GCC_WARN_UNINITIALIZED_AUTOS = YES_AGGRESSIVE;
				GCC_WARN_UNUSED_FUNCTION = YES;
				GCC_WARN_UNUSED_VARIABLE = YES;
				IPHONEOS_DEPLOYMENT_TARGET = 16.2;
				MTL_ENABLE_DEBUG_INFO = INCLUDE_SOURCE;
				MTL_FAST_MATH = YES;
				ONLY_ACTIVE_ARCH = YES;
				SDKROOT = iphoneos;
				SWIFT_ACTIVE_COMPILATION_CONDITIONS = DEBUG;
				SWIFT_OPTIMIZATION_LEVEL = "-Onone";
			};
			name = Debug;
		};
		487A83592A827A4600953B88 /* Release */ = {
			isa = XCBuildConfiguration;
			buildSettings = {
				ALWAYS_SEARCH_USER_PATHS = NO;
				CLANG_ANALYZER_NONNULL = YES;
				CLANG_ANALYZER_NUMBER_OBJECT_CONVERSION = YES_AGGRESSIVE;
				CLANG_CXX_LANGUAGE_STANDARD = "gnu++20";
				CLANG_ENABLE_MODULES = YES;
				CLANG_ENABLE_OBJC_ARC = YES;
				CLANG_ENABLE_OBJC_WEAK = YES;
				CLANG_WARN_BLOCK_CAPTURE_AUTORELEASING = YES;
				CLANG_WARN_BOOL_CONVERSION = YES;
				CLANG_WARN_COMMA = YES;
				CLANG_WARN_CONSTANT_CONVERSION = YES;
				CLANG_WARN_DEPRECATED_OBJC_IMPLEMENTATIONS = YES;
				CLANG_WARN_DIRECT_OBJC_ISA_USAGE = YES_ERROR;
				CLANG_WARN_DOCUMENTATION_COMMENTS = YES;
				CLANG_WARN_EMPTY_BODY = YES;
				CLANG_WARN_ENUM_CONVERSION = YES;
				CLANG_WARN_INFINITE_RECURSION = YES;
				CLANG_WARN_INT_CONVERSION = YES;
				CLANG_WARN_NON_LITERAL_NULL_CONVERSION = YES;
				CLANG_WARN_OBJC_IMPLICIT_RETAIN_SELF = YES;
				CLANG_WARN_OBJC_LITERAL_CONVERSION = YES;
				CLANG_WARN_OBJC_ROOT_CLASS = YES_ERROR;
				CLANG_WARN_QUOTED_INCLUDE_IN_FRAMEWORK_HEADER = YES;
				CLANG_WARN_RANGE_LOOP_ANALYSIS = YES;
				CLANG_WARN_STRICT_PROTOTYPES = YES;
				CLANG_WARN_SUSPICIOUS_MOVE = YES;
				CLANG_WARN_UNGUARDED_AVAILABILITY = YES_AGGRESSIVE;
				CLANG_WARN_UNREACHABLE_CODE = YES;
				CLANG_WARN__DUPLICATE_METHOD_MATCH = YES;
				COPY_PHASE_STRIP = NO;
				DEBUG_INFORMATION_FORMAT = "dwarf-with-dsym";
				ENABLE_NS_ASSERTIONS = NO;
				ENABLE_STRICT_OBJC_MSGSEND = YES;
				GCC_C_LANGUAGE_STANDARD = gnu11;
				GCC_NO_COMMON_BLOCKS = YES;
				GCC_WARN_64_TO_32_BIT_CONVERSION = YES;
				GCC_WARN_ABOUT_RETURN_TYPE = YES_ERROR;
				GCC_WARN_UNDECLARED_SELECTOR = YES;
				GCC_WARN_UNINITIALIZED_AUTOS = YES_AGGRESSIVE;
				GCC_WARN_UNUSED_FUNCTION = YES;
				GCC_WARN_UNUSED_VARIABLE = YES;
				IPHONEOS_DEPLOYMENT_TARGET = 16.2;
				MTL_ENABLE_DEBUG_INFO = NO;
				MTL_FAST_MATH = YES;
				SDKROOT = iphoneos;
				SWIFT_COMPILATION_MODE = wholemodule;
				SWIFT_OPTIMIZATION_LEVEL = "-O";
				VALIDATE_PRODUCT = YES;
			};
			name = Release;
		};
		487A835B2A827A4600953B88 /* Debug */ = {
			isa = XCBuildConfiguration;
			buildSettings = {
				ASSETCATALOG_COMPILER_APPICON_NAME = AppIcon;
				ASSETCATALOG_COMPILER_GLOBAL_ACCENT_COLOR_NAME = AccentColor;
				CODE_SIGN_STYLE = Automatic;
				CURRENT_PROJECT_VERSION = 1;
				DEVELOPMENT_TEAM = A8NKCBCXX2;
				GENERATE_INFOPLIST_FILE = YES;
				INFOPLIST_FILE = "Beer Project/Info.plist";
				INFOPLIST_KEY_UIApplicationSupportsIndirectInputEvents = YES;
				INFOPLIST_KEY_UILaunchStoryboardName = LaunchScreen;
				INFOPLIST_KEY_UIMainStoryboardFile = Main;
				INFOPLIST_KEY_UISupportedInterfaceOrientations_iPad = "UIInterfaceOrientationPortrait UIInterfaceOrientationPortraitUpsideDown UIInterfaceOrientationLandscapeLeft UIInterfaceOrientationLandscapeRight";
				INFOPLIST_KEY_UISupportedInterfaceOrientations_iPhone = "UIInterfaceOrientationPortrait UIInterfaceOrientationLandscapeLeft UIInterfaceOrientationLandscapeRight";
				LD_RUNPATH_SEARCH_PATHS = (
					"$(inherited)",
					"@executable_path/Frameworks",
				);
				MARKETING_VERSION = 1.0;
				PRODUCT_BUNDLE_IDENTIFIER = com.sesac.Week3;
				PRODUCT_NAME = "$(TARGET_NAME)";
				SWIFT_EMIT_LOC_STRINGS = YES;
				SWIFT_VERSION = 5.0;
				TARGETED_DEVICE_FAMILY = "1,2";
			};
			name = Debug;
		};
		487A835C2A827A4600953B88 /* Release */ = {
			isa = XCBuildConfiguration;
			buildSettings = {
				ASSETCATALOG_COMPILER_APPICON_NAME = AppIcon;
				ASSETCATALOG_COMPILER_GLOBAL_ACCENT_COLOR_NAME = AccentColor;
				CODE_SIGN_STYLE = Automatic;
				CURRENT_PROJECT_VERSION = 1;
				DEVELOPMENT_TEAM = A8NKCBCXX2;
				GENERATE_INFOPLIST_FILE = YES;
				INFOPLIST_FILE = "Beer Project/Info.plist";
				INFOPLIST_KEY_UIApplicationSupportsIndirectInputEvents = YES;
				INFOPLIST_KEY_UILaunchStoryboardName = LaunchScreen;
				INFOPLIST_KEY_UIMainStoryboardFile = Main;
				INFOPLIST_KEY_UISupportedInterfaceOrientations_iPad = "UIInterfaceOrientationPortrait UIInterfaceOrientationPortraitUpsideDown UIInterfaceOrientationLandscapeLeft UIInterfaceOrientationLandscapeRight";
				INFOPLIST_KEY_UISupportedInterfaceOrientations_iPhone = "UIInterfaceOrientationPortrait UIInterfaceOrientationLandscapeLeft UIInterfaceOrientationLandscapeRight";
				LD_RUNPATH_SEARCH_PATHS = (
					"$(inherited)",
					"@executable_path/Frameworks",
				);
				MARKETING_VERSION = 1.0;
				PRODUCT_BUNDLE_IDENTIFIER = com.sesac.Week3;
				PRODUCT_NAME = "$(TARGET_NAME)";
				SWIFT_EMIT_LOC_STRINGS = YES;
				SWIFT_VERSION = 5.0;
				TARGETED_DEVICE_FAMILY = "1,2";
			};
			name = Release;
		};
/* End XCBuildConfiguration section */

/* Begin XCConfigurationList section */
		487A83412A827A4000953B88 /* Build configuration list for PBXProject "Beer Project" */ = {
			isa = XCConfigurationList;
			buildConfigurations = (
				487A83582A827A4600953B88 /* Debug */,
				487A83592A827A4600953B88 /* Release */,
			);
			defaultConfigurationIsVisible = 0;
			defaultConfigurationName = Release;
		};
		487A835A2A827A4600953B88 /* Build configuration list for PBXNativeTarget "Beer Project" */ = {
			isa = XCConfigurationList;
			buildConfigurations = (
				487A835B2A827A4600953B88 /* Debug */,
				487A835C2A827A4600953B88 /* Release */,
			);
			defaultConfigurationIsVisible = 0;
			defaultConfigurationName = Release;
		};
/* End XCConfigurationList section */

/* Begin XCRemoteSwiftPackageReference section */
		487A835F2A827CF000953B88 /* XCRemoteSwiftPackageReference "Alamofire" */ = {
			isa = XCRemoteSwiftPackageReference;
			repositoryURL = "https://github.com/Alamofire/Alamofire";
			requirement = {
				branch = master;
				kind = branch;
			};
		};
		487A83622A827D3800953B88 /* XCRemoteSwiftPackageReference "SwiftyJSON" */ = {
			isa = XCRemoteSwiftPackageReference;
			repositoryURL = "https://github.com/SwiftyJSON/SwiftyJSON";
			requirement = {
				branch = master;
				kind = branch;
			};
		};
		487A83692A8283BF00953B88 /* XCRemoteSwiftPackageReference "Kingfisher" */ = {
			isa = XCRemoteSwiftPackageReference;
			repositoryURL = "https://github.com/onevcat/Kingfisher.git";
			requirement = {
				branch = master;
				kind = branch;
			};
		};
/* End XCRemoteSwiftPackageReference section */

/* Begin XCSwiftPackageProductDependency section */
		487A83602A827CF000953B88 /* Alamofire */ = {
			isa = XCSwiftPackageProductDependency;
			package = 487A835F2A827CF000953B88 /* XCRemoteSwiftPackageReference "Alamofire" */;
			productName = Alamofire;
		};
		487A83632A827D3800953B88 /* SwiftyJSON */ = {
			isa = XCSwiftPackageProductDependency;
			package = 487A83622A827D3800953B88 /* XCRemoteSwiftPackageReference "SwiftyJSON" */;
			productName = SwiftyJSON;
		};
		487A836A2A8283BF00953B88 /* Kingfisher */ = {
			isa = XCSwiftPackageProductDependency;
			package = 487A83692A8283BF00953B88 /* XCRemoteSwiftPackageReference "Kingfisher" */;
			productName = Kingfisher;
		};
/* End XCSwiftPackageProductDependency section */
	};
	rootObject = 487A833E2A827A4000953B88 /* Project object */;
}
